
Microsoft Visual Studio Solution File, Format Version 12.00
# Visual Studio 15
VisualStudioVersion = 15.0.26124.0
MinimumVisualStudioVersion = 15.0.26124.0
Project("{FAE04EC0-301F-11D3-BF4B-00C04F79EFBC}") = "Game", "Game\Game.csproj", "{A6E6120B-8D02-46D5-A4A0-7E5109C2375F}"
EndProject
Project("{FAE04EC0-301F-11D3-BF4B-00C04F79EFBC}") = "Game.Lib", "Game.Lib\Game.Lib.csproj", "{CCA835AD-FB10-4873-8733-29147A3153D6}"
EndProject
Project("{FAE04EC0-301F-11D3-BF4B-00C04F79EFBC}") = "Game.Interface", "Game.Interface\Game.Interface.csproj", "{6402CC24-71CE-43E3-9059-91F4902D8501}"
EndProject
Global
	GlobalSection(SolutionConfigurationPlatforms) = preSolution
		Debug|Any CPU = Debug|Any CPU
		Debug|x64 = Debug|x64
		Debug|x86 = Debug|x86
		Release|Any CPU = Release|Any CPU
		Release|x64 = Release|x64
		Release|x86 = Release|x86
	EndGlobalSection
	GlobalSection(SolutionProperties) = preSolution
		HideSolutionNode = FALSE
	EndGlobalSection
	GlobalSection(ProjectConfigurationPlatforms) = postSolution
		{A6E6120B-8D02-46D5-A4A0-7E5109C2375F}.Debug|Any CPU.ActiveCfg = Debug|Any CPU
		{A6E6120B-8D02-46D5-A4A0-7E5109C2375F}.Debug|Any CPU.Build.0 = Debug|Any CPU
		{A6E6120B-8D02-46D5-A4A0-7E5109C2375F}.Debug|x64.ActiveCfg = Debug|Any CPU
		{A6E6120B-8D02-46D5-A4A0-7E5109C2375F}.Debug|x64.Build.0 = Debug|Any CPU
		{A6E6120B-8D02-46D5-A4A0-7E5109C2375F}.Debug|x86.ActiveCfg = Debug|Any CPU
		{A6E6120B-8D02-46D5-A4A0-7E5109C2375F}.Debug|x86.Build.0 = Debug|Any CPU
		{A6E6120B-8D02-46D5-A4A0-7E5109C2375F}.Release|Any CPU.ActiveCfg = Release|Any CPU
		{A6E6120B-8D02-46D5-A4A0-7E5109C2375F}.Release|Any CPU.Build.0 = Release|Any CPU
		{A6E6120B-8D02-46D5-A4A0-7E5109C2375F}.Release|x64.ActiveCfg = Release|Any CPU
		{A6E6120B-8D02-46D5-A4A0-7E5109C2375F}.Release|x64.Build.0 = Release|Any CPU
		{A6E6120B-8D02-46D5-A4A0-7E5109C2375F}.Release|x86.ActiveCfg = Release|Any CPU
		{A6E6120B-8D02-46D5-A4A0-7E5109C2375F}.Release|x86.Build.0 = Release|Any CPU
		{CCA835AD-FB10-4873-8733-29147A3153D6}.Debug|Any CPU.ActiveCfg = Debug|Any CPU
		{CCA835AD-FB10-4873-8733-29147A3153D6}.Debug|Any CPU.Build.0 = Debug|Any CPU
		{CCA835AD-FB10-4873-8733-29147A3153D6}.Debug|x64.ActiveCfg = Debug|Any CPU
		{CCA835AD-FB10-4873-8733-29147A3153D6}.Debug|x64.Build.0 = Debug|Any CPU
		{CCA835AD-FB10-4873-8733-29147A3153D6}.Debug|x86.ActiveCfg = Debug|Any CPU
		{CCA835AD-FB10-4873-8733-29147A3153D6}.Debug|x86.Build.0 = Debug|Any CPU
		{CCA835AD-FB10-4873-8733-29147A3153D6}.Release|Any CPU.ActiveCfg = Release|Any CPU
		{CCA835AD-FB10-4873-8733-29147A3153D6}.Release|Any CPU.Build.0 = Release|Any CPU
		{CCA835AD-FB10-4873-8733-29147A3153D6}.Release|x64.ActiveCfg = Release|Any CPU
		{CCA835AD-FB10-4873-8733-29147A3153D6}.Release|x64.Build.0 = Release|Any CPU
		{CCA835AD-FB10-4873-8733-29147A3153D6}.Release|x86.ActiveCfg = Release|Any CPU
		{CCA835AD-FB10-4873-8733-29147A3153D6}.Release|x86.Build.0 = Release|Any CPU
		{6402CC24-71CE-43E3-9059-91F4902D8501}.Debug|Any CPU.ActiveCfg = Debug|Any CPU
		{6402CC24-71CE-43E3-9059-91F4902D8501}.Debug|Any CPU.Build.0 = Debug|Any CPU
		{6402CC24-71CE-43E3-9059-91F4902D8501}.Debug|x64.ActiveCfg = Debug|Any CPU
		{6402CC24-71CE-43E3-9059-91F4902D8501}.Debug|x64.Build.0 = Debug|Any CPU
		{6402CC24-71CE-43E3-9059-91F4902D8501}.Debug|x86.ActiveCfg = Debug|Any CPU
		{6402CC24-71CE-43E3-9059-91F4902D8501}.Debug|x86.Build.0 = Debug|Any CPU
		{6402CC24-71CE-43E3-9059-91F4902D8501}.Release|Any CPU.ActiveCfg = Release|Any CPU
		{6402CC24-71CE-43E3-9059-91F4902D8501}.Release|Any CPU.Build.0 = Release|Any CPU
		{6402CC24-71CE-43E3-9059-91F4902D8501}.Release|x64.ActiveCfg = Release|Any CPU
		{6402CC24-71CE-43E3-9059-91F4902D8501}.Release|x64.Build.0 = Release|Any CPU
		{6402CC24-71CE-43E3-9059-91F4902D8501}.Release|x86.ActiveCfg = Release|Any CPU
		{6402CC24-71CE-43E3-9059-91F4902D8501}.Release|x86.Build.0 = Release|Any CPU
	EndGlobalSection
EndGlobal
